
Microsoft Visual Studio Solution File, Format Version 12.00
# Visual Studio 15
VisualStudioVersion = 15.0.28307.329
MinimumVisualStudioVersion = 10.0.40219.1
Project("{FAE04EC0-301F-11D3-BF4B-00C04F79EFBC}") = "task3", "task3\task3.csproj", "{6C91AC47-F918-437F-86B3-E1C815FC596C}"
EndProject
Global
	GlobalSection(SolutionConfigurationPlatforms) = preSolution
		Debug|Any CPU = Debug|Any CPU
		Release|Any CPU = Release|Any CPU
	EndGlobalSection
	GlobalSection(ProjectConfigurationPlatforms) = postSolution
		{6C91AC47-F918-437F-86B3-E1C815FC596C}.Debug|Any CPU.ActiveCfg = Debug|Any CPU
		{6C91AC47-F918-437F-86B3-E1C815FC596C}.Debug|Any CPU.Build.0 = Debug|Any CPU
		{6C91AC47-F918-437F-86B3-E1C815FC596C}.Release|Any CPU.ActiveCfg = Release|Any CPU
		{6C91AC47-F918-437F-86B3-E1C815FC596C}.Release|Any CPU.Build.0 = Release|Any CPU
	EndGlobalSection
	GlobalSection(SolutionProperties) = preSolution
		HideSolutionNode = FALSE
	EndGlobalSection
	GlobalSection(ExtensibilityGlobals) = postSolution
		SolutionGuid = {74812E3E-49C2-4D4B-96ED-038B37C50774}
	EndGlobalSection
EndGlobal
